
Microsoft Visual Studio Solution File, Format Version 12.00
# Visual Studio 2013
VisualStudioVersion = 12.0.21005.1
MinimumVisualStudioVersion = 10.0.40219.1
Project("{8BC9CEB8-8B4A-11D0-8D11-00A0C91BC942}") = "Main", "OS_Ex2\OS_Ex2.vcxproj", "{96E4E988-0B58-41E5-AF0C-FAFC949A03E8}"
EndProject
Project("{8BC9CEB8-8B4A-11D0-8D11-00A0C91BC942}") = "Creator", "Creator\Creator.vcxproj", "{66911D41-2A5A-49E3-AEDD-30E01239677F}"
EndProject
Project("{8BC9CEB8-8B4A-11D0-8D11-00A0C91BC942}") = "Reporter", "Reporter\Reporter.vcxproj", "{DAB9F0A7-A142-43B1-9559-D3539FF5A968}"
EndProject
Global
	GlobalSection(SolutionConfigurationPlatforms) = preSolution
		Debug|Win32 = Debug|Win32
		Release|Win32 = Release|Win32
	EndGlobalSection
	GlobalSection(ProjectConfigurationPlatforms) = postSolution
		{96E4E988-0B58-41E5-AF0C-FAFC949A03E8}.Debug|Win32.ActiveCfg = Debug|Win32
		{96E4E988-0B58-41E5-AF0C-FAFC949A03E8}.Debug|Win32.Build.0 = Debug|Win32
		{96E4E988-0B58-41E5-AF0C-FAFC949A03E8}.Release|Win32.ActiveCfg = Release|Win32
		{96E4E988-0B58-41E5-AF0C-FAFC949A03E8}.Release|Win32.Build.0 = Release|Win32
		{66911D41-2A5A-49E3-AEDD-30E01239677F}.Debug|Win32.ActiveCfg = Debug|Win32
		{66911D41-2A5A-49E3-AEDD-30E01239677F}.Debug|Win32.Build.0 = Debug|Win32
		{66911D41-2A5A-49E3-AEDD-30E01239677F}.Release|Win32.ActiveCfg = Release|Win32
		{66911D41-2A5A-49E3-AEDD-30E01239677F}.Release|Win32.Build.0 = Release|Win32
		{DAB9F0A7-A142-43B1-9559-D3539FF5A968}.Debug|Win32.ActiveCfg = Debug|Win32
		{DAB9F0A7-A142-43B1-9559-D3539FF5A968}.Debug|Win32.Build.0 = Debug|Win32
		{DAB9F0A7-A142-43B1-9559-D3539FF5A968}.Release|Win32.ActiveCfg = Release|Win32
		{DAB9F0A7-A142-43B1-9559-D3539FF5A968}.Release|Win32.Build.0 = Release|Win32
	EndGlobalSection
	GlobalSection(SolutionProperties) = preSolution
		HideSolutionNode = FALSE
	EndGlobalSection
EndGlobal
